
Microsoft Visual Studio Solution File, Format Version 12.00
# Visual Studio Version 16
VisualStudioVersion = 16.0.30709.132
MinimumVisualStudioVersion = 10.0.40219.1
Project("{2150E333-8FDC-42A3-9474-1A3956D46DE8}") = "src", "src", "{42CAB060-5D50-4E18-8F85-EBA5EB85B268}"
EndProject
Project("{2150E333-8FDC-42A3-9474-1A3956D46DE8}") = "API", "API", "{0E679B58-1D8A-4F5B-8838-6E4DD9258215}"
EndProject
Project("{2150E333-8FDC-42A3-9474-1A3956D46DE8}") = "Core", "Core", "{0E86739A-769C-4597-84D3-7D53BA1D1E3C}"
EndProject
Project("{2150E333-8FDC-42A3-9474-1A3956D46DE8}") = "Infrastructure", "Infrastructure", "{2373AFFC-1389-4D78-8465-074AB22084AF}"
EndProject
Project("{9A19103F-16F7-4668-BE54-9A1E7A4F7556}") = "Domain", "Domain\Domain.csproj", "{D61A441B-1D4B-4712-A3D5-DFA969F57732}"
EndProject
Project("{2150E333-8FDC-42A3-9474-1A3956D46DE8}") = "Utility", "Utility", "{DF0CD4C6-B53D-452D-867E-3E3BD24F883F}"
EndProject
Project("{9A19103F-16F7-4668-BE54-9A1E7A4F7556}") = "Utils", "Utils\Utils.csproj", "{6F92F1B6-D6FB-48A7-9A92-246499F1C527}"
EndProject
Project("{9A19103F-16F7-4668-BE54-9A1E7A4F7556}") = "Application", "Application\Application.csproj", "{8A717764-C879-4EB2-8579-775C9687F6B2}"
EndProject
Project("{9A19103F-16F7-4668-BE54-9A1E7A4F7556}") = "Identity", "Identity\Identity.csproj", "{DF72510D-D3AB-4806-B563-3F7E6614945F}"
EndProject
Project("{9A19103F-16F7-4668-BE54-9A1E7A4F7556}") = "Persistence", "Persistence\Persistence.csproj", "{AA7F9598-23B1-47CE-BA11-A9C59929E87B}"
EndProject
Project("{9A19103F-16F7-4668-BE54-9A1E7A4F7556}") = "InfrastructureServices", "InfrastructureServices\InfrastructureServices.csproj", "{A1F0ADC6-5E54-433C-AD01-C821CF1B4431}"
EndProject
Project("{FAE04EC0-301F-11D3-BF4B-00C04F79EFBC}") = "Web.Api", "Web.Api\Web.Api.csproj", "{2F19E5B3-9BCF-4CAE-8DEB-57C172B1C8F8}"
EndProject
Project("{FAE04EC0-301F-11D3-BF4B-00C04F79EFBC}") = "WebFramework", "WebFramework\WebFramework.csproj", "{D88FDB2A-55E3-4396-8808-929CB7B95A81}"
EndProject
Global
	GlobalSection(SolutionConfigurationPlatforms) = preSolution
		Debug|Any CPU = Debug|Any CPU
		Release|Any CPU = Release|Any CPU
	EndGlobalSection
	GlobalSection(ProjectConfigurationPlatforms) = postSolution
		{D61A441B-1D4B-4712-A3D5-DFA969F57732}.Debug|Any CPU.ActiveCfg = Debug|Any CPU
		{D61A441B-1D4B-4712-A3D5-DFA969F57732}.Debug|Any CPU.Build.0 = Debug|Any CPU
		{D61A441B-1D4B-4712-A3D5-DFA969F57732}.Release|Any CPU.ActiveCfg = Release|Any CPU
		{D61A441B-1D4B-4712-A3D5-DFA969F57732}.Release|Any CPU.Build.0 = Release|Any CPU
		{6F92F1B6-D6FB-48A7-9A92-246499F1C527}.Debug|Any CPU.ActiveCfg = Debug|Any CPU
		{6F92F1B6-D6FB-48A7-9A92-246499F1C527}.Debug|Any CPU.Build.0 = Debug|Any CPU
		{6F92F1B6-D6FB-48A7-9A92-246499F1C527}.Release|Any CPU.ActiveCfg = Release|Any CPU
		{6F92F1B6-D6FB-48A7-9A92-246499F1C527}.Release|Any CPU.Build.0 = Release|Any CPU
		{8A717764-C879-4EB2-8579-775C9687F6B2}.Debug|Any CPU.ActiveCfg = Debug|Any CPU
		{8A717764-C879-4EB2-8579-775C9687F6B2}.Debug|Any CPU.Build.0 = Debug|Any CPU
		{8A717764-C879-4EB2-8579-775C9687F6B2}.Release|Any CPU.ActiveCfg = Release|Any CPU
		{8A717764-C879-4EB2-8579-775C9687F6B2}.Release|Any CPU.Build.0 = Release|Any CPU
		{DF72510D-D3AB-4806-B563-3F7E6614945F}.Debug|Any CPU.ActiveCfg = Debug|Any CPU
		{DF72510D-D3AB-4806-B563-3F7E6614945F}.Debug|Any CPU.Build.0 = Debug|Any CPU
		{DF72510D-D3AB-4806-B563-3F7E6614945F}.Release|Any CPU.ActiveCfg = Release|Any CPU
		{DF72510D-D3AB-4806-B563-3F7E6614945F}.Release|Any CPU.Build.0 = Release|Any CPU
		{AA7F9598-23B1-47CE-BA11-A9C59929E87B}.Debug|Any CPU.ActiveCfg = Debug|Any CPU
		{AA7F9598-23B1-47CE-BA11-A9C59929E87B}.Debug|Any CPU.Build.0 = Debug|Any CPU
		{AA7F9598-23B1-47CE-BA11-A9C59929E87B}.Release|Any CPU.ActiveCfg = Release|Any CPU
		{AA7F9598-23B1-47CE-BA11-A9C59929E87B}.Release|Any CPU.Build.0 = Release|Any CPU
		{A1F0ADC6-5E54-433C-AD01-C821CF1B4431}.Debug|Any CPU.ActiveCfg = Debug|Any CPU
		{A1F0ADC6-5E54-433C-AD01-C821CF1B4431}.Debug|Any CPU.Build.0 = Debug|Any CPU
		{A1F0ADC6-5E54-433C-AD01-C821CF1B4431}.Release|Any CPU.ActiveCfg = Release|Any CPU
		{A1F0ADC6-5E54-433C-AD01-C821CF1B4431}.Release|Any CPU.Build.0 = Release|Any CPU
		{2F19E5B3-9BCF-4CAE-8DEB-57C172B1C8F8}.Debug|Any CPU.ActiveCfg = Debug|Any CPU
		{2F19E5B3-9BCF-4CAE-8DEB-57C172B1C8F8}.Debug|Any CPU.Build.0 = Debug|Any CPU
		{2F19E5B3-9BCF-4CAE-8DEB-57C172B1C8F8}.Release|Any CPU.ActiveCfg = Release|Any CPU
		{2F19E5B3-9BCF-4CAE-8DEB-57C172B1C8F8}.Release|Any CPU.Build.0 = Release|Any CPU
		{D88FDB2A-55E3-4396-8808-929CB7B95A81}.Debug|Any CPU.ActiveCfg = Debug|Any CPU
		{D88FDB2A-55E3-4396-8808-929CB7B95A81}.Debug|Any CPU.Build.0 = Debug|Any CPU
		{D88FDB2A-55E3-4396-8808-929CB7B95A81}.Release|Any CPU.ActiveCfg = Release|Any CPU
		{D88FDB2A-55E3-4396-8808-929CB7B95A81}.Release|Any CPU.Build.0 = Release|Any CPU
	EndGlobalSection
	GlobalSection(SolutionProperties) = preSolution
		HideSolutionNode = FALSE
	EndGlobalSection
	GlobalSection(NestedProjects) = preSolution
		{0E679B58-1D8A-4F5B-8838-6E4DD9258215} = {42CAB060-5D50-4E18-8F85-EBA5EB85B268}
		{0E86739A-769C-4597-84D3-7D53BA1D1E3C} = {42CAB060-5D50-4E18-8F85-EBA5EB85B268}
		{2373AFFC-1389-4D78-8465-074AB22084AF} = {42CAB060-5D50-4E18-8F85-EBA5EB85B268}
		{D61A441B-1D4B-4712-A3D5-DFA969F57732} = {0E86739A-769C-4597-84D3-7D53BA1D1E3C}
		{DF0CD4C6-B53D-452D-867E-3E3BD24F883F} = {42CAB060-5D50-4E18-8F85-EBA5EB85B268}
		{6F92F1B6-D6FB-48A7-9A92-246499F1C527} = {DF0CD4C6-B53D-452D-867E-3E3BD24F883F}
		{8A717764-C879-4EB2-8579-775C9687F6B2} = {0E86739A-769C-4597-84D3-7D53BA1D1E3C}
		{DF72510D-D3AB-4806-B563-3F7E6614945F} = {2373AFFC-1389-4D78-8465-074AB22084AF}
		{AA7F9598-23B1-47CE-BA11-A9C59929E87B} = {2373AFFC-1389-4D78-8465-074AB22084AF}
		{A1F0ADC6-5E54-433C-AD01-C821CF1B4431} = {2373AFFC-1389-4D78-8465-074AB22084AF}
		{2F19E5B3-9BCF-4CAE-8DEB-57C172B1C8F8} = {0E679B58-1D8A-4F5B-8838-6E4DD9258215}
		{D88FDB2A-55E3-4396-8808-929CB7B95A81} = {0E679B58-1D8A-4F5B-8838-6E4DD9258215}
	EndGlobalSection
	GlobalSection(ExtensibilityGlobals) = postSolution
		SolutionGuid = {05C223B9-EA89-44B2-B9F5-D01181F85DFE}
	EndGlobalSection
EndGlobal
