
Microsoft Visual Studio Solution File, Format Version 12.00
# Visual Studio Version 17
VisualStudioVersion = 17.4.33103.184
MinimumVisualStudioVersion = 10.0.40219.1
Project("{2150E333-8FDC-42A3-9474-1A3956D46DE8}") = "src", "src", "{42CAB060-5D50-4E18-8F85-EBA5EB85B268}"
EndProject
Project("{2150E333-8FDC-42A3-9474-1A3956D46DE8}") = "API", "API", "{0E679B58-1D8A-4F5B-8838-6E4DD9258215}"
EndProject
Project("{2150E333-8FDC-42A3-9474-1A3956D46DE8}") = "Core", "Core", "{0E86739A-769C-4597-84D3-7D53BA1D1E3C}"
EndProject
Project("{2150E333-8FDC-42A3-9474-1A3956D46DE8}") = "Infrastructure", "Infrastructure", "{2373AFFC-1389-4D78-8465-074AB22084AF}"
EndProject
Project("{2150E333-8FDC-42A3-9474-1A3956D46DE8}") = "Shared", "Shared", "{DF0CD4C6-B53D-452D-867E-3E3BD24F883F}"
EndProject
Project("{2150E333-8FDC-42A3-9474-1A3956D46DE8}") = "Plugins", "Plugins", "{542840FF-B0CC-4F8A-9F6E-1898BE0573D7}"
EndProject
Project("{9A19103F-16F7-4668-BE54-9A1E7A4F7556}") = "CleanArc.SharedKernel", "src\Shared\CleanArc.SharedKernel\CleanArc.SharedKernel.csproj", "{56C4DDD2-4F8C-4D35-85D4-CC9064C52398}"
EndProject
Project("{9A19103F-16F7-4668-BE54-9A1E7A4F7556}") = "CleanArc.Infrastructure.CrossCutting", "src\Infrastructure\CleanArc.Infrastructure.CrossCutting\CleanArc.Infrastructure.CrossCutting.csproj", "{09E81356-0531-42A0-9F7F-00C495F1226E}"
EndProject
Project("{9A19103F-16F7-4668-BE54-9A1E7A4F7556}") = "CleanArc.Infrastructure.Identity", "src\Infrastructure\CleanArc.Infrastructure.Identity\CleanArc.Infrastructure.Identity.csproj", "{3AFD5AAD-8DCD-44D6-86B9-078FBE8F2A1F}"
EndProject
Project("{9A19103F-16F7-4668-BE54-9A1E7A4F7556}") = "CleanArc.Infrastructure.Persistence", "src\Infrastructure\CleanArc.Infrastructure.Persistence\CleanArc.Infrastructure.Persistence.csproj", "{9F3B3E49-3E3C-4244-AE88-D209B18B28B8}"
EndProject
Project("{9A19103F-16F7-4668-BE54-9A1E7A4F7556}") = "CleanArc.Application", "src\Core\CleanArc.Application\CleanArc.Application.csproj", "{9C0BCB6F-614C-4FA9-83A2-E95834E3C153}"
EndProject
Project("{9A19103F-16F7-4668-BE54-9A1E7A4F7556}") = "CleanArc.Domain", "src\Core\CleanArc.Domain\CleanArc.Domain.csproj", "{DC49CD3F-840E-4634-B9DA-595F160E9499}"
EndProject
Project("{9A19103F-16F7-4668-BE54-9A1E7A4F7556}") = "CleanArc.Web.Plugins.Grpc", "src\API\Plugins\CleanArc.Web.Plugins.Grpc\CleanArc.Web.Plugins.Grpc.csproj", "{8F7135E8-68C9-4DA8-AA06-04518EBB403B}"
EndProject
Project("{9A19103F-16F7-4668-BE54-9A1E7A4F7556}") = "CleanArc.Web.Api", "src\API\CleanArc.Web.Api\CleanArc.Web.Api.csproj", "{BE13FF32-B8D5-4AE7-B173-6CA96040B788}"
EndProject
Project("{9A19103F-16F7-4668-BE54-9A1E7A4F7556}") = "CleanArc.WebFramework", "src\API\CleanArc.WebFramework\CleanArc.WebFramework.csproj", "{44DD0A96-BA65-476E-BC59-C8D2CFA703B9}"
EndProject
Project("{2150E333-8FDC-42A3-9474-1A3956D46DE8}") = "Tests", "Tests", "{77986571-8153-4120-AD08-36729310A56B}"
EndProject
Project("{2150E333-8FDC-42A3-9474-1A3956D46DE8}") = "BaseSetup", "BaseSetup", "{34B1F72E-A991-4705-ACC5-08E65E46D26E}"
EndProject
Project("{FAE04EC0-301F-11D3-BF4B-00C04F79EFBC}") = "CleanArc.Tests.Setup", "src\Tests\CleanArc.Tests.Setup\CleanArc.Tests.Setup.csproj", "{33AF382A-9E22-42F0-82E5-4F78BCFD40C1}"
EndProject
Project("{2150E333-8FDC-42A3-9474-1A3956D46DE8}") = "Infrastructure", "Infrastructure", "{45FA88C0-9986-40E5-A2E2-7742302518D2}"
EndProject
Project("{FAE04EC0-301F-11D3-BF4B-00C04F79EFBC}") = "CleanArc.Test.Infrastructure.Identity", "src\Tests\CleanArc.Test.Infrastructure.Identity\CleanArc.Test.Infrastructure.Identity\CleanArc.Test.Infrastructure.Identity.csproj", "{54203B4F-3CE8-4EBA-B5E2-F7C985FACE60}"
EndProject
Project("{FAE04EC0-301F-11D3-BF4B-00C04F79EFBC}") = "CleanArc.Infrastructure.Monitoring", "src\Infrastructure\CleanArc.Infrastructure.Monitoring\CleanArc.Infrastructure.Monitoring.csproj", "{7699705C-2C15-467F-957D-4C5EBE4FD92E}"
EndProject
Global
	GlobalSection(SolutionConfigurationPlatforms) = preSolution
		Debug|Any CPU = Debug|Any CPU
		Release|Any CPU = Release|Any CPU
	EndGlobalSection
	GlobalSection(ProjectConfigurationPlatforms) = postSolution
		{56C4DDD2-4F8C-4D35-85D4-CC9064C52398}.Debug|Any CPU.ActiveCfg = Debug|Any CPU
		{56C4DDD2-4F8C-4D35-85D4-CC9064C52398}.Debug|Any CPU.Build.0 = Debug|Any CPU
		{56C4DDD2-4F8C-4D35-85D4-CC9064C52398}.Release|Any CPU.ActiveCfg = Release|Any CPU
		{56C4DDD2-4F8C-4D35-85D4-CC9064C52398}.Release|Any CPU.Build.0 = Release|Any CPU
		{09E81356-0531-42A0-9F7F-00C495F1226E}.Debug|Any CPU.ActiveCfg = Debug|Any CPU
		{09E81356-0531-42A0-9F7F-00C495F1226E}.Debug|Any CPU.Build.0 = Debug|Any CPU
		{09E81356-0531-42A0-9F7F-00C495F1226E}.Release|Any CPU.ActiveCfg = Release|Any CPU
		{09E81356-0531-42A0-9F7F-00C495F1226E}.Release|Any CPU.Build.0 = Release|Any CPU
		{3AFD5AAD-8DCD-44D6-86B9-078FBE8F2A1F}.Debug|Any CPU.ActiveCfg = Debug|Any CPU
		{3AFD5AAD-8DCD-44D6-86B9-078FBE8F2A1F}.Debug|Any CPU.Build.0 = Debug|Any CPU
		{3AFD5AAD-8DCD-44D6-86B9-078FBE8F2A1F}.Release|Any CPU.ActiveCfg = Release|Any CPU
		{3AFD5AAD-8DCD-44D6-86B9-078FBE8F2A1F}.Release|Any CPU.Build.0 = Release|Any CPU
		{9F3B3E49-3E3C-4244-AE88-D209B18B28B8}.Debug|Any CPU.ActiveCfg = Debug|Any CPU
		{9F3B3E49-3E3C-4244-AE88-D209B18B28B8}.Debug|Any CPU.Build.0 = Debug|Any CPU
		{9F3B3E49-3E3C-4244-AE88-D209B18B28B8}.Release|Any CPU.ActiveCfg = Release|Any CPU
		{9F3B3E49-3E3C-4244-AE88-D209B18B28B8}.Release|Any CPU.Build.0 = Release|Any CPU
		{9C0BCB6F-614C-4FA9-83A2-E95834E3C153}.Debug|Any CPU.ActiveCfg = Debug|Any CPU
		{9C0BCB6F-614C-4FA9-83A2-E95834E3C153}.Debug|Any CPU.Build.0 = Debug|Any CPU
		{9C0BCB6F-614C-4FA9-83A2-E95834E3C153}.Release|Any CPU.ActiveCfg = Release|Any CPU
		{9C0BCB6F-614C-4FA9-83A2-E95834E3C153}.Release|Any CPU.Build.0 = Release|Any CPU
		{DC49CD3F-840E-4634-B9DA-595F160E9499}.Debug|Any CPU.ActiveCfg = Debug|Any CPU
		{DC49CD3F-840E-4634-B9DA-595F160E9499}.Debug|Any CPU.Build.0 = Debug|Any CPU
		{DC49CD3F-840E-4634-B9DA-595F160E9499}.Release|Any CPU.ActiveCfg = Release|Any CPU
		{DC49CD3F-840E-4634-B9DA-595F160E9499}.Release|Any CPU.Build.0 = Release|Any CPU
		{8F7135E8-68C9-4DA8-AA06-04518EBB403B}.Debug|Any CPU.ActiveCfg = Debug|Any CPU
		{8F7135E8-68C9-4DA8-AA06-04518EBB403B}.Debug|Any CPU.Build.0 = Debug|Any CPU
		{8F7135E8-68C9-4DA8-AA06-04518EBB403B}.Release|Any CPU.ActiveCfg = Release|Any CPU
		{8F7135E8-68C9-4DA8-AA06-04518EBB403B}.Release|Any CPU.Build.0 = Release|Any CPU
		{BE13FF32-B8D5-4AE7-B173-6CA96040B788}.Debug|Any CPU.ActiveCfg = Debug|Any CPU
		{BE13FF32-B8D5-4AE7-B173-6CA96040B788}.Debug|Any CPU.Build.0 = Debug|Any CPU
		{BE13FF32-B8D5-4AE7-B173-6CA96040B788}.Release|Any CPU.ActiveCfg = Release|Any CPU
		{BE13FF32-B8D5-4AE7-B173-6CA96040B788}.Release|Any CPU.Build.0 = Release|Any CPU
		{44DD0A96-BA65-476E-BC59-C8D2CFA703B9}.Debug|Any CPU.ActiveCfg = Debug|Any CPU
		{44DD0A96-BA65-476E-BC59-C8D2CFA703B9}.Debug|Any CPU.Build.0 = Debug|Any CPU
		{44DD0A96-BA65-476E-BC59-C8D2CFA703B9}.Release|Any CPU.ActiveCfg = Release|Any CPU
		{44DD0A96-BA65-476E-BC59-C8D2CFA703B9}.Release|Any CPU.Build.0 = Release|Any CPU
		{33AF382A-9E22-42F0-82E5-4F78BCFD40C1}.Debug|Any CPU.ActiveCfg = Debug|Any CPU
		{33AF382A-9E22-42F0-82E5-4F78BCFD40C1}.Debug|Any CPU.Build.0 = Debug|Any CPU
		{33AF382A-9E22-42F0-82E5-4F78BCFD40C1}.Release|Any CPU.ActiveCfg = Release|Any CPU
		{33AF382A-9E22-42F0-82E5-4F78BCFD40C1}.Release|Any CPU.Build.0 = Release|Any CPU
		{54203B4F-3CE8-4EBA-B5E2-F7C985FACE60}.Debug|Any CPU.ActiveCfg = Debug|Any CPU
		{54203B4F-3CE8-4EBA-B5E2-F7C985FACE60}.Debug|Any CPU.Build.0 = Debug|Any CPU
		{54203B4F-3CE8-4EBA-B5E2-F7C985FACE60}.Release|Any CPU.ActiveCfg = Release|Any CPU
		{54203B4F-3CE8-4EBA-B5E2-F7C985FACE60}.Release|Any CPU.Build.0 = Release|Any CPU
		{7699705C-2C15-467F-957D-4C5EBE4FD92E}.Debug|Any CPU.ActiveCfg = Debug|Any CPU
		{7699705C-2C15-467F-957D-4C5EBE4FD92E}.Debug|Any CPU.Build.0 = Debug|Any CPU
		{7699705C-2C15-467F-957D-4C5EBE4FD92E}.Release|Any CPU.ActiveCfg = Release|Any CPU
		{7699705C-2C15-467F-957D-4C5EBE4FD92E}.Release|Any CPU.Build.0 = Release|Any CPU
	EndGlobalSection
	GlobalSection(SolutionProperties) = preSolution
		HideSolutionNode = FALSE
	EndGlobalSection
	GlobalSection(NestedProjects) = preSolution
		{0E679B58-1D8A-4F5B-8838-6E4DD9258215} = {42CAB060-5D50-4E18-8F85-EBA5EB85B268}
		{0E86739A-769C-4597-84D3-7D53BA1D1E3C} = {42CAB060-5D50-4E18-8F85-EBA5EB85B268}
		{2373AFFC-1389-4D78-8465-074AB22084AF} = {42CAB060-5D50-4E18-8F85-EBA5EB85B268}
		{DF0CD4C6-B53D-452D-867E-3E3BD24F883F} = {42CAB060-5D50-4E18-8F85-EBA5EB85B268}
		{542840FF-B0CC-4F8A-9F6E-1898BE0573D7} = {0E679B58-1D8A-4F5B-8838-6E4DD9258215}
		{56C4DDD2-4F8C-4D35-85D4-CC9064C52398} = {DF0CD4C6-B53D-452D-867E-3E3BD24F883F}
		{09E81356-0531-42A0-9F7F-00C495F1226E} = {2373AFFC-1389-4D78-8465-074AB22084AF}
		{3AFD5AAD-8DCD-44D6-86B9-078FBE8F2A1F} = {2373AFFC-1389-4D78-8465-074AB22084AF}
		{9F3B3E49-3E3C-4244-AE88-D209B18B28B8} = {2373AFFC-1389-4D78-8465-074AB22084AF}
		{9C0BCB6F-614C-4FA9-83A2-E95834E3C153} = {0E86739A-769C-4597-84D3-7D53BA1D1E3C}
		{DC49CD3F-840E-4634-B9DA-595F160E9499} = {0E86739A-769C-4597-84D3-7D53BA1D1E3C}
		{8F7135E8-68C9-4DA8-AA06-04518EBB403B} = {542840FF-B0CC-4F8A-9F6E-1898BE0573D7}
		{BE13FF32-B8D5-4AE7-B173-6CA96040B788} = {0E679B58-1D8A-4F5B-8838-6E4DD9258215}
		{44DD0A96-BA65-476E-BC59-C8D2CFA703B9} = {0E679B58-1D8A-4F5B-8838-6E4DD9258215}
		{77986571-8153-4120-AD08-36729310A56B} = {42CAB060-5D50-4E18-8F85-EBA5EB85B268}
		{34B1F72E-A991-4705-ACC5-08E65E46D26E} = {77986571-8153-4120-AD08-36729310A56B}
		{33AF382A-9E22-42F0-82E5-4F78BCFD40C1} = {34B1F72E-A991-4705-ACC5-08E65E46D26E}
		{45FA88C0-9986-40E5-A2E2-7742302518D2} = {77986571-8153-4120-AD08-36729310A56B}
		{54203B4F-3CE8-4EBA-B5E2-F7C985FACE60} = {45FA88C0-9986-40E5-A2E2-7742302518D2}
		{7699705C-2C15-467F-957D-4C5EBE4FD92E} = {2373AFFC-1389-4D78-8465-074AB22084AF}
	EndGlobalSection
	GlobalSection(ExtensibilityGlobals) = postSolution
		SolutionGuid = {05C223B9-EA89-44B2-B9F5-D01181F85DFE}
	EndGlobalSection
EndGlobal
